// !$*UTF8*$!
{
	archiveVersion = 1;
	classes = {
	};
	objectVersion = 55;
	objects = {

/* Begin PBXBuildFile section */
		1E22419B2757248D0012B457 /* main.swift in Sources */ = {isa = PBXBuildFile; fileRef = 1E22419A2757248D0012B457 /* main.swift */; };
		1E2241A2275724FB0012B457 /* helpers.swift in Sources */ = {isa = PBXBuildFile; fileRef = 1E2241A1275724FB0012B457 /* helpers.swift */; };
		1E2241A4275727770012B457 /* day01.swift in Sources */ = {isa = PBXBuildFile; fileRef = 1E2241A3275727770012B457 /* day01.swift */; };
		1E2241A6275727870012B457 /* day02.swift in Sources */ = {isa = PBXBuildFile; fileRef = 1E2241A5275727870012B457 /* day02.swift */; };
		1E2241A82757278C0012B457 /* day03.swift in Sources */ = {isa = PBXBuildFile; fileRef = 1E2241A72757278C0012B457 /* day03.swift */; };
		1E2241AA2757278F0012B457 /* day04.swift in Sources */ = {isa = PBXBuildFile; fileRef = 1E2241A92757278F0012B457 /* day04.swift */; };
		1E2241AC275727930012B457 /* day05.swift in Sources */ = {isa = PBXBuildFile; fileRef = 1E2241AB275727930012B457 /* day05.swift */; };
		1E2241AE275727970012B457 /* day06.swift in Sources */ = {isa = PBXBuildFile; fileRef = 1E2241AD275727970012B457 /* day06.swift */; };
		1E2241B02757279C0012B457 /* day07.swift in Sources */ = {isa = PBXBuildFile; fileRef = 1E2241AF2757279C0012B457 /* day07.swift */; };
		1E2241B22757279F0012B457 /* day08.swift in Sources */ = {isa = PBXBuildFile; fileRef = 1E2241B12757279F0012B457 /* day08.swift */; };
		1E2241B4275727A30012B457 /* day09.swift in Sources */ = {isa = PBXBuildFile; fileRef = 1E2241B3275727A30012B457 /* day09.swift */; };
		1E2241B6275727A80012B457 /* day10.swift in Sources */ = {isa = PBXBuildFile; fileRef = 1E2241B5275727A80012B457 /* day10.swift */; };
		1E2241B8275727AB0012B457 /* day11.swift in Sources */ = {isa = PBXBuildFile; fileRef = 1E2241B7275727AB0012B457 /* day11.swift */; };
		1E2241BA275727AF0012B457 /* day12.swift in Sources */ = {isa = PBXBuildFile; fileRef = 1E2241B9275727AF0012B457 /* day12.swift */; };
		1E2241BC275727B30012B457 /* day13.swift in Sources */ = {isa = PBXBuildFile; fileRef = 1E2241BB275727B30012B457 /* day13.swift */; };
		1E2241BE275727B70012B457 /* day14.swift in Sources */ = {isa = PBXBuildFile; fileRef = 1E2241BD275727B70012B457 /* day14.swift */; };
		1E2241C0275727BB0012B457 /* day15.swift in Sources */ = {isa = PBXBuildFile; fileRef = 1E2241BF275727BB0012B457 /* day15.swift */; };
		1E2241C2275727BE0012B457 /* day16.swift in Sources */ = {isa = PBXBuildFile; fileRef = 1E2241C1275727BE0012B457 /* day16.swift */; };
		1E2241C4275727C40012B457 /* day17.swift in Sources */ = {isa = PBXBuildFile; fileRef = 1E2241C3275727C40012B457 /* day17.swift */; };
		1E2241C6275727C70012B457 /* day18.swift in Sources */ = {isa = PBXBuildFile; fileRef = 1E2241C5275727C70012B457 /* day18.swift */; };
		1E2241C8275727CC0012B457 /* day19.swift in Sources */ = {isa = PBXBuildFile; fileRef = 1E2241C7275727CC0012B457 /* day19.swift */; };
		1E2241CA275727D00012B457 /* day20.swift in Sources */ = {isa = PBXBuildFile; fileRef = 1E2241C9275727D00012B457 /* day20.swift */; };
		1E2241CC275727D40012B457 /* day21.swift in Sources */ = {isa = PBXBuildFile; fileRef = 1E2241CB275727D40012B457 /* day21.swift */; };
		1E2241CE275727D70012B457 /* day22.swift in Sources */ = {isa = PBXBuildFile; fileRef = 1E2241CD275727D70012B457 /* day22.swift */; };
		1E2241D0275727DA0012B457 /* day23.swift in Sources */ = {isa = PBXBuildFile; fileRef = 1E2241CF275727DA0012B457 /* day23.swift */; };
		1E2241D2275727DE0012B457 /* day24.swift in Sources */ = {isa = PBXBuildFile; fileRef = 1E2241D1275727DE0012B457 /* day24.swift */; };
		1E2241D4275727E20012B457 /* day25.swift in Sources */ = {isa = PBXBuildFile; fileRef = 1E2241D3275727E20012B457 /* day25.swift */; };
/* End PBXBuildFile section */

/* Begin PBXCopyFilesBuildPhase section */
		1E2241952757248D0012B457 /* CopyFiles */ = {
			isa = PBXCopyFilesBuildPhase;
			buildActionMask = 2147483647;
			dstPath = /usr/share/man/man1/;
			dstSubfolderSpec = 0;
			files = (
			);
			runOnlyForDeploymentPostprocessing = 1;
		};
/* End PBXCopyFilesBuildPhase section */

/* Begin PBXFileReference section */
		1E2241972757248D0012B457 /* aoc2021 */ = {isa = PBXFileReference; explicitFileType = "compiled.mach-o.executable"; includeInIndex = 0; path = aoc2021; sourceTree = BUILT_PRODUCTS_DIR; };
		1E22419A2757248D0012B457 /* main.swift */ = {isa = PBXFileReference; lastKnownFileType = sourcecode.swift; path = main.swift; sourceTree = "<group>"; };
		1E2241A1275724FB0012B457 /* helpers.swift */ = {isa = PBXFileReference; lastKnownFileType = sourcecode.swift; path = helpers.swift; sourceTree = "<group>"; };
		1E2241A3275727770012B457 /* day01.swift */ = {isa = PBXFileReference; lastKnownFileType = sourcecode.swift; path = day01.swift; sourceTree = "<group>"; };
		1E2241A5275727870012B457 /* day02.swift */ = {isa = PBXFileReference; lastKnownFileType = sourcecode.swift; path = day02.swift; sourceTree = "<group>"; };
		1E2241A72757278C0012B457 /* day03.swift */ = {isa = PBXFileReference; lastKnownFileType = sourcecode.swift; path = day03.swift; sourceTree = "<group>"; };
		1E2241A92757278F0012B457 /* day04.swift */ = {isa = PBXFileReference; lastKnownFileType = sourcecode.swift; path = day04.swift; sourceTree = "<group>"; };
		1E2241AB275727930012B457 /* day05.swift */ = {isa = PBXFileReference; lastKnownFileType = sourcecode.swift; path = day05.swift; sourceTree = "<group>"; };
		1E2241AD275727970012B457 /* day06.swift */ = {isa = PBXFileReference; lastKnownFileType = sourcecode.swift; path = day06.swift; sourceTree = "<group>"; };
		1E2241AF2757279C0012B457 /* day07.swift */ = {isa = PBXFileReference; lastKnownFileType = sourcecode.swift; path = day07.swift; sourceTree = "<group>"; };
		1E2241B12757279F0012B457 /* day08.swift */ = {isa = PBXFileReference; lastKnownFileType = sourcecode.swift; path = day08.swift; sourceTree = "<group>"; };
		1E2241B3275727A30012B457 /* day09.swift */ = {isa = PBXFileReference; lastKnownFileType = sourcecode.swift; path = day09.swift; sourceTree = "<group>"; };
		1E2241B5275727A80012B457 /* day10.swift */ = {isa = PBXFileReference; lastKnownFileType = sourcecode.swift; path = day10.swift; sourceTree = "<group>"; };
		1E2241B7275727AB0012B457 /* day11.swift */ = {isa = PBXFileReference; lastKnownFileType = sourcecode.swift; path = day11.swift; sourceTree = "<group>"; };
		1E2241B9275727AF0012B457 /* day12.swift */ = {isa = PBXFileReference; lastKnownFileType = sourcecode.swift; path = day12.swift; sourceTree = "<group>"; };
		1E2241BB275727B30012B457 /* day13.swift */ = {isa = PBXFileReference; lastKnownFileType = sourcecode.swift; path = day13.swift; sourceTree = "<group>"; };
		1E2241BD275727B70012B457 /* day14.swift */ = {isa = PBXFileReference; lastKnownFileType = sourcecode.swift; path = day14.swift; sourceTree = "<group>"; };
		1E2241BF275727BB0012B457 /* day15.swift */ = {isa = PBXFileReference; lastKnownFileType = sourcecode.swift; path = day15.swift; sourceTree = "<group>"; };
		1E2241C1275727BE0012B457 /* day16.swift */ = {isa = PBXFileReference; lastKnownFileType = sourcecode.swift; path = day16.swift; sourceTree = "<group>"; };
		1E2241C3275727C40012B457 /* day17.swift */ = {isa = PBXFileReference; lastKnownFileType = sourcecode.swift; path = day17.swift; sourceTree = "<group>"; };
		1E2241C5275727C70012B457 /* day18.swift */ = {isa = PBXFileReference; lastKnownFileType = sourcecode.swift; path = day18.swift; sourceTree = "<group>"; };
		1E2241C7275727CC0012B457 /* day19.swift */ = {isa = PBXFileReference; lastKnownFileType = sourcecode.swift; path = day19.swift; sourceTree = "<group>"; };
		1E2241C9275727D00012B457 /* day20.swift */ = {isa = PBXFileReference; lastKnownFileType = sourcecode.swift; path = day20.swift; sourceTree = "<group>"; };
		1E2241CB275727D40012B457 /* day21.swift */ = {isa = PBXFileReference; lastKnownFileType = sourcecode.swift; path = day21.swift; sourceTree = "<group>"; };
		1E2241CD275727D70012B457 /* day22.swift */ = {isa = PBXFileReference; lastKnownFileType = sourcecode.swift; path = day22.swift; sourceTree = "<group>"; };
		1E2241CF275727DA0012B457 /* day23.swift */ = {isa = PBXFileReference; lastKnownFileType = sourcecode.swift; path = day23.swift; sourceTree = "<group>"; };
		1E2241D1275727DE0012B457 /* day24.swift */ = {isa = PBXFileReference; lastKnownFileType = sourcecode.swift; path = day24.swift; sourceTree = "<group>"; };
		1E2241D3275727E20012B457 /* day25.swift */ = {isa = PBXFileReference; lastKnownFileType = sourcecode.swift; path = day25.swift; sourceTree = "<group>"; };
		1E2241D5275727EE0012B457 /* input01 */ = {isa = PBXFileReference; lastKnownFileType = text; path = input01; sourceTree = "<group>"; };
		1E2241D6275727F20012B457 /* input02 */ = {isa = PBXFileReference; lastKnownFileType = text; path = input02; sourceTree = "<group>"; };
		1E2241D7275727F60012B457 /* input03 */ = {isa = PBXFileReference; lastKnownFileType = text; path = input03; sourceTree = "<group>"; };
		1E2241D8275727F90012B457 /* input04 */ = {isa = PBXFileReference; lastKnownFileType = text; path = input04; sourceTree = "<group>"; };
		1E2241D9275727FE0012B457 /* input05 */ = {isa = PBXFileReference; lastKnownFileType = text; path = input05; sourceTree = "<group>"; };
		1E2241DA275728020012B457 /* input06 */ = {isa = PBXFileReference; lastKnownFileType = text; path = input06; sourceTree = "<group>"; };
		1E2241DB2757280A0012B457 /* input07 */ = {isa = PBXFileReference; lastKnownFileType = text; path = input07; sourceTree = "<group>"; };
		1E2241DC2757280F0012B457 /* input08 */ = {isa = PBXFileReference; lastKnownFileType = text; path = input08; sourceTree = "<group>"; };
		1E2241DD275728130012B457 /* input09 */ = {isa = PBXFileReference; lastKnownFileType = text; path = input09; sourceTree = "<group>"; };
		1E2241DE2757281A0012B457 /* input10 */ = {isa = PBXFileReference; lastKnownFileType = text; path = input10; sourceTree = "<group>"; };
		1E2241DF2757281E0012B457 /* input11 */ = {isa = PBXFileReference; lastKnownFileType = text; path = input11; sourceTree = "<group>"; };
		1E2241E0275728210012B457 /* input12 */ = {isa = PBXFileReference; lastKnownFileType = text; path = input12; sourceTree = "<group>"; };
		1E2241E1275728250012B457 /* input13 */ = {isa = PBXFileReference; lastKnownFileType = text; path = input13; sourceTree = "<group>"; };
		1E2241E2275728290012B457 /* input14 */ = {isa = PBXFileReference; lastKnownFileType = text; path = input14; sourceTree = "<group>"; };
		1E2241E32757282D0012B457 /* input15 */ = {isa = PBXFileReference; lastKnownFileType = text; path = input15; sourceTree = "<group>"; };
		1E2241E4275728320012B457 /* input16 */ = {isa = PBXFileReference; lastKnownFileType = text; path = input16; sourceTree = "<group>"; };
		1E2241E5275728370012B457 /* input17 */ = {isa = PBXFileReference; lastKnownFileType = text; path = input17; sourceTree = "<group>"; };
		1E2241E62757283A0012B457 /* input18 */ = {isa = PBXFileReference; lastKnownFileType = text; path = input18; sourceTree = "<group>"; };
		1E2241E72757283E0012B457 /* input19 */ = {isa = PBXFileReference; lastKnownFileType = text; path = input19; sourceTree = "<group>"; };
		1E2241E8275728420012B457 /* input20 */ = {isa = PBXFileReference; lastKnownFileType = text; path = input20; sourceTree = "<group>"; };
		1E2241E9275728470012B457 /* input21 */ = {isa = PBXFileReference; lastKnownFileType = text; path = input21; sourceTree = "<group>"; };
		1E2241EA2757284B0012B457 /* input22 */ = {isa = PBXFileReference; lastKnownFileType = text; path = input22; sourceTree = "<group>"; };
		1E2241EB2757284E0012B457 /* input23 */ = {isa = PBXFileReference; lastKnownFileType = text; path = input23; sourceTree = "<group>"; };
		1E2241EC275728530012B457 /* input24 */ = {isa = PBXFileReference; lastKnownFileType = text; path = input24; sourceTree = "<group>"; };
		1E2241ED275728570012B457 /* input25 */ = {isa = PBXFileReference; lastKnownFileType = text; path = input25; sourceTree = "<group>"; };
/* End PBXFileReference section */

/* Begin PBXFrameworksBuildPhase section */
		1E2241942757248D0012B457 /* Frameworks */ = {
			isa = PBXFrameworksBuildPhase;
			buildActionMask = 2147483647;
			files = (
			);
			runOnlyForDeploymentPostprocessing = 0;
		};
/* End PBXFrameworksBuildPhase section */

/* Begin PBXGroup section */
		1E22418E2757248D0012B457 = {
			isa = PBXGroup;
			children = (
				1E2241992757248D0012B457 /* aoc2021 */,
				1E2241982757248D0012B457 /* Products */,
			);
			sourceTree = "<group>";
		};
		1E2241982757248D0012B457 /* Products */ = {
			isa = PBXGroup;
			children = (
				1E2241972757248D0012B457 /* aoc2021 */,
			);
			name = Products;
			sourceTree = "<group>";
		};
		1E2241992757248D0012B457 /* aoc2021 */ = {
			isa = PBXGroup;
			children = (
				1E22419A2757248D0012B457 /* main.swift */,
				1E2241A1275724FB0012B457 /* helpers.swift */,
				1E2241A3275727770012B457 /* day01.swift */,
				1E2241A5275727870012B457 /* day02.swift */,
				1E2241A72757278C0012B457 /* day03.swift */,
				1E2241A92757278F0012B457 /* day04.swift */,
				1E2241AB275727930012B457 /* day05.swift */,
				1E2241AD275727970012B457 /* day06.swift */,
				1E2241AF2757279C0012B457 /* day07.swift */,
				1E2241B12757279F0012B457 /* day08.swift */,
				1E2241B3275727A30012B457 /* day09.swift */,
				1E2241B5275727A80012B457 /* day10.swift */,
				1E2241B7275727AB0012B457 /* day11.swift */,
				1E2241B9275727AF0012B457 /* day12.swift */,
				1E2241BB275727B30012B457 /* day13.swift */,
				1E2241BD275727B70012B457 /* day14.swift */,
				1E2241BF275727BB0012B457 /* day15.swift */,
				1E2241C1275727BE0012B457 /* day16.swift */,
				1E2241C3275727C40012B457 /* day17.swift */,
				1E2241C5275727C70012B457 /* day18.swift */,
				1E2241C7275727CC0012B457 /* day19.swift */,
				1E2241C9275727D00012B457 /* day20.swift */,
				1E2241CB275727D40012B457 /* day21.swift */,
				1E2241CD275727D70012B457 /* day22.swift */,
				1E2241CF275727DA0012B457 /* day23.swift */,
				1E2241D1275727DE0012B457 /* day24.swift */,
				1E2241D3275727E20012B457 /* day25.swift */,
				1E2241D5275727EE0012B457 /* input01 */,
				1E2241D6275727F20012B457 /* input02 */,
				1E2241D7275727F60012B457 /* input03 */,
				1E2241D8275727F90012B457 /* input04 */,
				1E2241D9275727FE0012B457 /* input05 */,
				1E2241DA275728020012B457 /* input06 */,
				1E2241DB2757280A0012B457 /* input07 */,
				1E2241DC2757280F0012B457 /* input08 */,
				1E2241DD275728130012B457 /* input09 */,
				1E2241DE2757281A0012B457 /* input10 */,
				1E2241DF2757281E0012B457 /* input11 */,
				1E2241E0275728210012B457 /* input12 */,
				1E2241E1275728250012B457 /* input13 */,
				1E2241E2275728290012B457 /* input14 */,
				1E2241E32757282D0012B457 /* input15 */,
				1E2241E4275728320012B457 /* input16 */,
				1E2241E5275728370012B457 /* input17 */,
				1E2241E62757283A0012B457 /* input18 */,
				1E2241E72757283E0012B457 /* input19 */,
				1E2241E8275728420012B457 /* input20 */,
				1E2241E9275728470012B457 /* input21 */,
				1E2241EA2757284B0012B457 /* input22 */,
				1E2241EB2757284E0012B457 /* input23 */,
				1E2241EC275728530012B457 /* input24 */,
				1E2241ED275728570012B457 /* input25 */,
			);
			path = aoc2021;
			sourceTree = "<group>";
		};
/* End PBXGroup section */

/* Begin PBXNativeTarget section */
		1E2241962757248D0012B457 /* aoc2021 */ = {
			isa = PBXNativeTarget;
			buildConfigurationList = 1E22419E2757248D0012B457 /* Build configuration list for PBXNativeTarget "aoc2021" */;
			buildPhases = (
				1E2241932757248D0012B457 /* Sources */,
				1E2241942757248D0012B457 /* Frameworks */,
				1E2241952757248D0012B457 /* CopyFiles */,
			);
			buildRules = (
			);
			dependencies = (
			);
			name = aoc2021;
			productName = aoc2021;
			productReference = 1E2241972757248D0012B457 /* aoc2021 */;
			productType = "com.apple.product-type.tool";
		};
/* End PBXNativeTarget section */

/* Begin PBXProject section */
		1E22418F2757248D0012B457 /* Project object */ = {
			isa = PBXProject;
			attributes = {
				BuildIndependentTargetsInParallel = 1;
				LastSwiftUpdateCheck = 1310;
				LastUpgradeCheck = 1310;
				TargetAttributes = {
					1E2241962757248D0012B457 = {
						CreatedOnToolsVersion = 13.1;
					};
				};
			};
			buildConfigurationList = 1E2241922757248D0012B457 /* Build configuration list for PBXProject "aoc2021" */;
			compatibilityVersion = "Xcode 13.0";
			developmentRegion = en;
			hasScannedForEncodings = 0;
			knownRegions = (
				en,
				Base,
			);
			mainGroup = 1E22418E2757248D0012B457;
			productRefGroup = 1E2241982757248D0012B457 /* Products */;
			projectDirPath = "";
			projectRoot = "";
			targets = (
				1E2241962757248D0012B457 /* aoc2021 */,
			);
		};
/* End PBXProject section */

/* Begin PBXSourcesBuildPhase section */
		1E2241932757248D0012B457 /* Sources */ = {
			isa = PBXSourcesBuildPhase;
			buildActionMask = 2147483647;
			files = (
				1E22419B2757248D0012B457 /* main.swift in Sources */,
				1E2241A2275724FB0012B457 /* helpers.swift in Sources */,
				1E2241CA275727D00012B457 /* day20.swift in Sources */,
				1E2241C4275727C40012B457 /* day17.swift in Sources */,
				1E2241BC275727B30012B457 /* day13.swift in Sources */,
				1E2241B22757279F0012B457 /* day08.swift in Sources */,
				1E2241D2275727DE0012B457 /* day24.swift in Sources */,
				1E2241AE275727970012B457 /* day06.swift in Sources */,
				1E2241D0275727DA0012B457 /* day23.swift in Sources */,
				1E2241AA2757278F0012B457 /* day04.swift in Sources */,
				1E2241CE275727D70012B457 /* day22.swift in Sources */,
				1E2241B6275727A80012B457 /* day10.swift in Sources */,
				1E2241C0275727BB0012B457 /* day15.swift in Sources */,
				1E2241A82757278C0012B457 /* day03.swift in Sources */,
				1E2241D4275727E20012B457 /* day25.swift in Sources */,
				1E2241BA275727AF0012B457 /* day12.swift in Sources */,
				1E2241BE275727B70012B457 /* day14.swift in Sources */,
				1E2241C2275727BE0012B457 /* day16.swift in Sources */,
				1E2241A6275727870012B457 /* day02.swift in Sources */,
				1E2241C8275727CC0012B457 /* day19.swift in Sources */,
				1E2241CC275727D40012B457 /* day21.swift in Sources */,
				1E2241AC275727930012B457 /* day05.swift in Sources */,
				1E2241A4275727770012B457 /* day01.swift in Sources */,
				1E2241B02757279C0012B457 /* day07.swift in Sources */,
				1E2241C6275727C70012B457 /* day18.swift in Sources */,
				1E2241B4275727A30012B457 /* day09.swift in Sources */,
				1E2241B8275727AB0012B457 /* day11.swift in Sources */,
			);
			runOnlyForDeploymentPostprocessing = 0;
		};
/* End PBXSourcesBuildPhase section */

/* Begin XCBuildConfiguration section */
		1E22419C2757248D0012B457 /* Debug */ = {
			isa = XCBuildConfiguration;
			buildSettings = {
				ALWAYS_SEARCH_USER_PATHS = NO;
				CLANG_ANALYZER_NONNULL = YES;
				CLANG_ANALYZER_NUMBER_OBJECT_CONVERSION = YES_AGGRESSIVE;
				CLANG_CXX_LANGUAGE_STANDARD = "gnu++17";
				CLANG_CXX_LIBRARY = "libc++";
				CLANG_ENABLE_MODULES = YES;
				CLANG_ENABLE_OBJC_ARC = YES;
				CLANG_ENABLE_OBJC_WEAK = YES;
				CLANG_WARN_BLOCK_CAPTURE_AUTORELEASING = YES;
				CLANG_WARN_BOOL_CONVERSION = YES;
				CLANG_WARN_COMMA = YES;
				CLANG_WARN_CONSTANT_CONVERSION = YES;
				CLANG_WARN_DEPRECATED_OBJC_IMPLEMENTATIONS = YES;
				CLANG_WARN_DIRECT_OBJC_ISA_USAGE = YES_ERROR;
				CLANG_WARN_DOCUMENTATION_COMMENTS = YES;
				CLANG_WARN_EMPTY_BODY = YES;
				CLANG_WARN_ENUM_CONVERSION = YES;
				CLANG_WARN_INFINITE_RECURSION = YES;
				CLANG_WARN_INT_CONVERSION = YES;
				CLANG_WARN_NON_LITERAL_NULL_CONVERSION = YES;
				CLANG_WARN_OBJC_IMPLICIT_RETAIN_SELF = YES;
				CLANG_WARN_OBJC_LITERAL_CONVERSION = YES;
				CLANG_WARN_OBJC_ROOT_CLASS = YES_ERROR;
				CLANG_WARN_QUOTED_INCLUDE_IN_FRAMEWORK_HEADER = YES;
				CLANG_WARN_RANGE_LOOP_ANALYSIS = YES;
				CLANG_WARN_STRICT_PROTOTYPES = YES;
				CLANG_WARN_SUSPICIOUS_MOVE = YES;
				CLANG_WARN_UNGUARDED_AVAILABILITY = YES_AGGRESSIVE;
				CLANG_WARN_UNREACHABLE_CODE = YES;
				CLANG_WARN__DUPLICATE_METHOD_MATCH = YES;
				COPY_PHASE_STRIP = NO;
				DEBUG_INFORMATION_FORMAT = dwarf;
				ENABLE_STRICT_OBJC_MSGSEND = YES;
				ENABLE_TESTABILITY = YES;
				GCC_C_LANGUAGE_STANDARD = gnu11;
				GCC_DYNAMIC_NO_PIC = NO;
				GCC_NO_COMMON_BLOCKS = YES;
				GCC_OPTIMIZATION_LEVEL = 0;
				GCC_PREPROCESSOR_DEFINITIONS = (
					"DEBUG=1",
					"$(inherited)",
				);
				GCC_WARN_64_TO_32_BIT_CONVERSION = YES;
				GCC_WARN_ABOUT_RETURN_TYPE = YES_ERROR;
				GCC_WARN_UNDECLARED_SELECTOR = YES;
				GCC_WARN_UNINITIALIZED_AUTOS = YES_AGGRESSIVE;
				GCC_WARN_UNUSED_FUNCTION = YES;
				GCC_WARN_UNUSED_VARIABLE = YES;
				MACOSX_DEPLOYMENT_TARGET = 12.0;
				MTL_ENABLE_DEBUG_INFO = INCLUDE_SOURCE;
				MTL_FAST_MATH = YES;
				ONLY_ACTIVE_ARCH = YES;
				SDKROOT = macosx;
				SWIFT_ACTIVE_COMPILATION_CONDITIONS = DEBUG;
				SWIFT_OPTIMIZATION_LEVEL = "-Onone";
			};
			name = Debug;
		};
		1E22419D2757248D0012B457 /* Release */ = {
			isa = XCBuildConfiguration;
			buildSettings = {
				ALWAYS_SEARCH_USER_PATHS = NO;
				CLANG_ANALYZER_NONNULL = YES;
				CLANG_ANALYZER_NUMBER_OBJECT_CONVERSION = YES_AGGRESSIVE;
				CLANG_CXX_LANGUAGE_STANDARD = "gnu++17";
				CLANG_CXX_LIBRARY = "libc++";
				CLANG_ENABLE_MODULES = YES;
				CLANG_ENABLE_OBJC_ARC = YES;
				CLANG_ENABLE_OBJC_WEAK = YES;
				CLANG_WARN_BLOCK_CAPTURE_AUTORELEASING = YES;
				CLANG_WARN_BOOL_CONVERSION = YES;
				CLANG_WARN_COMMA = YES;
				CLANG_WARN_CONSTANT_CONVERSION = YES;
				CLANG_WARN_DEPRECATED_OBJC_IMPLEMENTATIONS = YES;
				CLANG_WARN_DIRECT_OBJC_ISA_USAGE = YES_ERROR;
				CLANG_WARN_DOCUMENTATION_COMMENTS = YES;
				CLANG_WARN_EMPTY_BODY = YES;
				CLANG_WARN_ENUM_CONVERSION = YES;
				CLANG_WARN_INFINITE_RECURSION = YES;
				CLANG_WARN_INT_CONVERSION = YES;
				CLANG_WARN_NON_LITERAL_NULL_CONVERSION = YES;
				CLANG_WARN_OBJC_IMPLICIT_RETAIN_SELF = YES;
				CLANG_WARN_OBJC_LITERAL_CONVERSION = YES;
				CLANG_WARN_OBJC_ROOT_CLASS = YES_ERROR;
				CLANG_WARN_QUOTED_INCLUDE_IN_FRAMEWORK_HEADER = YES;
				CLANG_WARN_RANGE_LOOP_ANALYSIS = YES;
				CLANG_WARN_STRICT_PROTOTYPES = YES;
				CLANG_WARN_SUSPICIOUS_MOVE = YES;
				CLANG_WARN_UNGUARDED_AVAILABILITY = YES_AGGRESSIVE;
				CLANG_WARN_UNREACHABLE_CODE = YES;
				CLANG_WARN__DUPLICATE_METHOD_MATCH = YES;
				COPY_PHASE_STRIP = NO;
				DEBUG_INFORMATION_FORMAT = "dwarf-with-dsym";
				ENABLE_NS_ASSERTIONS = NO;
				ENABLE_STRICT_OBJC_MSGSEND = YES;
				GCC_C_LANGUAGE_STANDARD = gnu11;
				GCC_NO_COMMON_BLOCKS = YES;
				GCC_WARN_64_TO_32_BIT_CONVERSION = YES;
				GCC_WARN_ABOUT_RETURN_TYPE = YES_ERROR;
				GCC_WARN_UNDECLARED_SELECTOR = YES;
				GCC_WARN_UNINITIALIZED_AUTOS = YES_AGGRESSIVE;
				GCC_WARN_UNUSED_FUNCTION = YES;
				GCC_WARN_UNUSED_VARIABLE = YES;
				MACOSX_DEPLOYMENT_TARGET = 12.0;
				MTL_ENABLE_DEBUG_INFO = NO;
				MTL_FAST_MATH = YES;
				SDKROOT = macosx;
				SWIFT_COMPILATION_MODE = wholemodule;
				SWIFT_OPTIMIZATION_LEVEL = "-O";
			};
			name = Release;
		};
		1E22419F2757248D0012B457 /* Debug */ = {
			isa = XCBuildConfiguration;
			buildSettings = {
				CODE_SIGN_STYLE = Automatic;
				DEVELOPMENT_TEAM = UA923ZLYMM;
				ENABLE_HARDENED_RUNTIME = YES;
				PRODUCT_NAME = "$(TARGET_NAME)";
				SWIFT_VERSION = 5.0;
			};
			name = Debug;
		};
		1E2241A02757248D0012B457 /* Release */ = {
			isa = XCBuildConfiguration;
			buildSettings = {
				CODE_SIGN_STYLE = Automatic;
				DEVELOPMENT_TEAM = UA923ZLYMM;
				ENABLE_HARDENED_RUNTIME = YES;
				PRODUCT_NAME = "$(TARGET_NAME)";
				SWIFT_VERSION = 5.0;
			};
			name = Release;
		};
/* End XCBuildConfiguration section */

/* Begin XCConfigurationList section */
		1E2241922757248D0012B457 /* Build configuration list for PBXProject "aoc2021" */ = {
			isa = XCConfigurationList;
			buildConfigurations = (
				1E22419C2757248D0012B457 /* Debug */,
				1E22419D2757248D0012B457 /* Release */,
			);
			defaultConfigurationIsVisible = 0;
			defaultConfigurationName = Release;
		};
		1E22419E2757248D0012B457 /* Build configuration list for PBXNativeTarget "aoc2021" */ = {
			isa = XCConfigurationList;
			buildConfigurations = (
				1E22419F2757248D0012B457 /* Debug */,
				1E2241A02757248D0012B457 /* Release */,
			);
			defaultConfigurationIsVisible = 0;
			defaultConfigurationName = Release;
		};
/* End XCConfigurationList section */
	};
	rootObject = 1E22418F2757248D0012B457 /* Project object */;
}
